Microsoft Visual Studio Solution File, Format Version 11.00
# Visual Studio 2008

Project("{CBD56617-2312-CCC4-C2FA-A4FFEEC73B63}") = "game_test", "Assembly-CSharp.csproj", "{94E2AEAB-EFC1-5587-1D04-5EE31E41A966}"
EndProject
Global
	GlobalSection(SolutionConfigurationPlatforms) = preSolution
		Debug|Any CPU = Debug|Any CPU
		Release|Any CPU = Release|Any CPU
	EndGlobalSection
	GlobalSection(ProjectConfigurationPlatforms) = postSolution
		{94E2AEAB-EFC1-5587-1D04-5EE31E41A966}.Debug|Any CPU.ActiveCfg = Debug|Any CPU
		{94E2AEAB-EFC1-5587-1D04-5EE31E41A966}.Debug|Any CPU.Build.0 = Debug|Any CPU
		{94E2AEAB-EFC1-5587-1D04-5EE31E41A966}.Release|Any CPU.ActiveCfg = Release|Any CPU
		{94E2AEAB-EFC1-5587-1D04-5EE31E41A966}.Release|Any CPU.Build.0 = Release|Any CPU
	EndGlobalSection
	GlobalSection(SolutionProperties) = preSolution
		HideSolutionNode = FALSE
	EndGlobalSection
	GlobalSection(MonoDevelopProperties) = preSolution
		StartupItem = Assembly-CSharp.csproj
	EndGlobalSection
EndGlobal
